{
  "nodes": {
    "nixpkgs": {
      "locked": {
        "lastModified": 1769461804,
        "narHash": "sha256-6LCoopbVfvyw+BnhOwMLSeQjotkBsJMHcvbPhrn2t9E=",
        "rev": "bfc1b8a4574108ceef22f02bafcf6611380c100d",
        "type": "tarball",
        "url": "https://releases.nixos.org/nixos/unstable/nixos-26.05pre935279.bfc1b8a45741/nixexprs.tar.xz"
      },
      "original": {
        "type": "tarball",
        "url": "https://channels.nixos.org/nixos-unstable/nixexprs.tar.xz"
      }
    },
    "root": {
      "inputs": {
        "nixpkgs": "nixpkgs"
      }
    }
  },
  "root": "root",
  "version": 7
}
